
Microsoft Visual Studio Solution File, Format Version 12.00
# Visual Studio Version 17
VisualStudioVersion = 17.4.33205.214
MinimumVisualStudioVersion = 10.0.40219.1
Project("{9A19103F-16F7-4668-BE54-9A1E7A4F7556}") = "PL", "PL\PL.csproj", "{3672195B-CB9B-4E09-9D35-0CED4B8EEB14}"
EndProject
Project("{9A19103F-16F7-4668-BE54-9A1E7A4F7556}") = "DL", "DL\DL.csproj", "{C0504D25-3F96-4022-B538-DF9E8DB267D9}"
EndProject
Project("{9A19103F-16F7-4668-BE54-9A1E7A4F7556}") = "BL", "BL\BL.csproj", "{CE4CEB6F-DE0D-4183-958B-C1575982AEF6}"
EndProject
Project("{9A19103F-16F7-4668-BE54-9A1E7A4F7556}") = "ML", "ML\ML.csproj", "{6913BEAB-31EE-4A20-921A-B170DDFB7E5F}"
EndProject
Project("{FAE04EC0-301F-11D3-BF4B-00C04F79EFBC}") = "SL", "SL\SL.csproj", "{E2E3E981-1BA1-498A-A1A1-D4D3BE666E2B}"
EndProject
Global
	GlobalSection(SolutionConfigurationPlatforms) = preSolution
		Debug|Any CPU = Debug|Any CPU
		Release|Any CPU = Release|Any CPU
	EndGlobalSection
	GlobalSection(ProjectConfigurationPlatforms) = postSolution
		{3672195B-CB9B-4E09-9D35-0CED4B8EEB14}.Debug|Any CPU.ActiveCfg = Debug|Any CPU
		{3672195B-CB9B-4E09-9D35-0CED4B8EEB14}.Debug|Any CPU.Build.0 = Debug|Any CPU
		{3672195B-CB9B-4E09-9D35-0CED4B8EEB14}.Release|Any CPU.ActiveCfg = Release|Any CPU
		{3672195B-CB9B-4E09-9D35-0CED4B8EEB14}.Release|Any CPU.Build.0 = Release|Any CPU
		{C0504D25-3F96-4022-B538-DF9E8DB267D9}.Debug|Any CPU.ActiveCfg = Debug|Any CPU
		{C0504D25-3F96-4022-B538-DF9E8DB267D9}.Debug|Any CPU.Build.0 = Debug|Any CPU
		{C0504D25-3F96-4022-B538-DF9E8DB267D9}.Release|Any CPU.ActiveCfg = Release|Any CPU
		{C0504D25-3F96-4022-B538-DF9E8DB267D9}.Release|Any CPU.Build.0 = Release|Any CPU
		{CE4CEB6F-DE0D-4183-958B-C1575982AEF6}.Debug|Any CPU.ActiveCfg = Debug|Any CPU
		{CE4CEB6F-DE0D-4183-958B-C1575982AEF6}.Debug|Any CPU.Build.0 = Debug|Any CPU
		{CE4CEB6F-DE0D-4183-958B-C1575982AEF6}.Release|Any CPU.ActiveCfg = Release|Any CPU
		{CE4CEB6F-DE0D-4183-958B-C1575982AEF6}.Release|Any CPU.Build.0 = Release|Any CPU
		{6913BEAB-31EE-4A20-921A-B170DDFB7E5F}.Debug|Any CPU.ActiveCfg = Debug|Any CPU
		{6913BEAB-31EE-4A20-921A-B170DDFB7E5F}.Debug|Any CPU.Build.0 = Debug|Any CPU
		{6913BEAB-31EE-4A20-921A-B170DDFB7E5F}.Release|Any CPU.ActiveCfg = Release|Any CPU
		{6913BEAB-31EE-4A20-921A-B170DDFB7E5F}.Release|Any CPU.Build.0 = Release|Any CPU
		{E2E3E981-1BA1-498A-A1A1-D4D3BE666E2B}.Debug|Any CPU.ActiveCfg = Debug|Any CPU
		{E2E3E981-1BA1-498A-A1A1-D4D3BE666E2B}.Debug|Any CPU.Build.0 = Debug|Any CPU
		{E2E3E981-1BA1-498A-A1A1-D4D3BE666E2B}.Release|Any CPU.ActiveCfg = Release|Any CPU
		{E2E3E981-1BA1-498A-A1A1-D4D3BE666E2B}.Release|Any CPU.Build.0 = Release|Any CPU
	EndGlobalSection
	GlobalSection(SolutionProperties) = preSolution
		HideSolutionNode = FALSE
	EndGlobalSection
	GlobalSection(ExtensibilityGlobals) = postSolution
		SolutionGuid = {99E609AD-75A6-49BC-94C1-89327CA107A5}
	EndGlobalSection
EndGlobal
